// !$*UTF8*$!
{
	archiveVersion = 1;
	classes = {
	};
	objectVersion = 46;
	objects = {

/* Begin PBXBuildFile section */
		ECFB222F19A8739E009F58BE /* AppDelegate.swift in Sources */ = {isa = PBXBuildFile; fileRef = ECFB222E19A8739E009F58BE /* AppDelegate.swift */; };
		ECFB223119A8739E009F58BE /* ViewController.swift in Sources */ = {isa = PBXBuildFile; fileRef = ECFB223019A8739E009F58BE /* ViewController.swift */; };
		ECFB223419A8739E009F58BE /* Main.storyboard in Resources */ = {isa = PBXBuildFile; fileRef = ECFB223219A8739E009F58BE /* Main.storyboard */; };
		ECFB223619A8739E009F58BE /* Images.xcassets in Resources */ = {isa = PBXBuildFile; fileRef = ECFB223519A8739E009F58BE /* Images.xcassets */; };
		ECFB224219A8739E009F58BE /* uikit_touch_animationTests.swift in Sources */ = {isa = PBXBuildFile; fileRef = ECFB224119A8739E009F58BE /* uikit_touch_animationTests.swift */; };
/* End PBXBuildFile section */

/* Begin PBXContainerItemProxy section */
		ECFB223C19A8739E009F58BE /* PBXContainerItemProxy */ = {
			isa = PBXContainerItemProxy;
			containerPortal = ECFB222119A8739E009F58BE /* Project object */;
			proxyType = 1;
			remoteGlobalIDString = ECFB222819A8739E009F58BE;
			remoteInfo = uikit_touch_animation;
		};
/* End PBXContainerItemProxy section */

/* Begin PBXFileReference section */
		ECFB222919A8739E009F58BE /* uikit_touch_animation.app */ = {isa = PBXFileReference; explicitFileType = wrapper.application; includeInIndex = 0; path = uikit_touch_animation.app; sourceTree = BUILT_PRODUCTS_DIR; };
		ECFB222D19A8739E009F58BE /* Info.plist */ = {isa = PBXFileReference; lastKnownFileType = text.plist.xml; path = Info.plist; sourceTree = "<group>"; };
		ECFB222E19A8739E009F58BE /* AppDelegate.swift */ = {isa = PBXFileReference; lastKnownFileType = sourcecode.swift; path = AppDelegate.swift; sourceTree = "<group>"; };
		ECFB223019A8739E009F58BE /* ViewController.swift */ = {isa = PBXFileReference; lastKnownFileType = sourcecode.swift; path = ViewController.swift; sourceTree = "<group>"; };
		ECFB223319A8739E009F58BE /* Base */ = {isa = PBXFileReference; lastKnownFileType = file.storyboard; name = Base; path = Base.lproj/Main.storyboard; sourceTree = "<group>"; };
		ECFB223519A8739E009F58BE /* Images.xcassets */ = {isa = PBXFileReference; lastKnownFileType = folder.assetcatalog; path = Images.xcassets; sourceTree = "<group>"; };
		ECFB223B19A8739E009F58BE /* uikit_touch_animationTests.xctest */ = {isa = PBXFileReference; explicitFileType = wrapper.cfbundle; includeInIndex = 0; path = uikit_touch_animationTests.xctest; sourceTree = BUILT_PRODUCTS_DIR; };
		ECFB224019A8739E009F58BE /* Info.plist */ = {isa = PBXFileReference; lastKnownFileType = text.plist.xml; path = Info.plist; sourceTree = "<group>"; };
		ECFB224119A8739E009F58BE /* uikit_touch_animationTests.swift */ = {isa = PBXFileReference; lastKnownFileType = sourcecode.swift; path = uikit_touch_animationTests.swift; sourceTree = "<group>"; };
/* End PBXFileReference section */

/* Begin PBXFrameworksBuildPhase section */
		ECFB222619A8739E009F58BE /* Frameworks */ = {
			isa = PBXFrameworksBuildPhase;
			buildActionMask = 2147483647;
			files = (
			);
			runOnlyForDeploymentPostprocessing = 0;
		};
		ECFB223819A8739E009F58BE /* Frameworks */ = {
			isa = PBXFrameworksBuildPhase;
			buildActionMask = 2147483647;
			files = (
			);
			runOnlyForDeploymentPostprocessing = 0;
		};
/* End PBXFrameworksBuildPhase section */

/* Begin PBXGroup section */
		ECFB222019A8739E009F58BE = {
			isa = PBXGroup;
			children = (
				ECFB222B19A8739E009F58BE /* uikit_touch_animation */,
				ECFB223E19A8739E009F58BE /* uikit_touch_animationTests */,
				ECFB222A19A8739E009F58BE /* Products */,
			);
			sourceTree = "<group>";
		};
		ECFB222A19A8739E009F58BE /* Products */ = {
			isa = PBXGroup;
			children = (
				ECFB222919A8739E009F58BE /* uikit_touch_animation.app */,
				ECFB223B19A8739E009F58BE /* uikit_touch_animationTests.xctest */,
			);
			name = Products;
			sourceTree = "<group>";
		};
		ECFB222B19A8739E009F58BE /* uikit_touch_animation */ = {
			isa = PBXGroup;
			children = (
				ECFB222E19A8739E009F58BE /* AppDelegate.swift */,
				ECFB223019A8739E009F58BE /* ViewController.swift */,
				ECFB223219A8739E009F58BE /* Main.storyboard */,
				ECFB223519A8739E009F58BE /* Images.xcassets */,
				ECFB222C19A8739E009F58BE /* Supporting Files */,
			);
			path = uikit_touch_animation;
			sourceTree = "<group>";
		};
		ECFB222C19A8739E009F58BE /* Supporting Files */ = {
			isa = PBXGroup;
			children = (
				ECFB222D19A8739E009F58BE /* Info.plist */,
			);
			name = "Supporting Files";
			sourceTree = "<group>";
		};
		ECFB223E19A8739E009F58BE /* uikit_touch_animationTests */ = {
			isa = PBXGroup;
			children = (
				ECFB224119A8739E009F58BE /* uikit_touch_animationTests.swift */,
				ECFB223F19A8739E009F58BE /* Supporting Files */,
			);
			path = uikit_touch_animationTests;
			sourceTree = "<group>";
		};
		ECFB223F19A8739E009F58BE /* Supporting Files */ = {
			isa = PBXGroup;
			children = (
				ECFB224019A8739E009F58BE /* Info.plist */,
			);
			name = "Supporting Files";
			sourceTree = "<group>";
		};
/* End PBXGroup section */

/* Begin PBXNativeTarget section */
		ECFB222819A8739E009F58BE /* uikit_touch_animation */ = {
			isa = PBXNativeTarget;
			buildConfigurationList = ECFB224519A8739E009F58BE /* Build configuration list for PBXNativeTarget "uikit_touch_animation" */;
			buildPhases = (
				ECFB222519A8739E009F58BE /* Sources */,
				ECFB222619A8739E009F58BE /* Frameworks */,
				ECFB222719A8739E009F58BE /* Resources */,
			);
			buildRules = (
			);
			dependencies = (
			);
			name = uikit_touch_animation;
			productName = uikit_touch_animation;
			productReference = ECFB222919A8739E009F58BE /* uikit_touch_animation.app */;
			productType = "com.apple.product-type.application";
		};
		ECFB223A19A8739E009F58BE /* uikit_touch_animationTests */ = {
			isa = PBXNativeTarget;
			buildConfigurationList = ECFB224819A8739E009F58BE /* Build configuration list for PBXNativeTarget "uikit_touch_animationTests" */;
			buildPhases = (
				ECFB223719A8739E009F58BE /* Sources */,
				ECFB223819A8739E009F58BE /* Frameworks */,
				ECFB223919A8739E009F58BE /* Resources */,
			);
			buildRules = (
			);
			dependencies = (
				ECFB223D19A8739E009F58BE /* PBXTargetDependency */,
			);
			name = uikit_touch_animationTests;
			productName = uikit_touch_animationTests;
			productReference = ECFB223B19A8739E009F58BE /* uikit_touch_animationTests.xctest */;
			productType = "com.apple.product-type.bundle.unit-test";
		};
/* End PBXNativeTarget section */

/* Begin PBXProject section */
		ECFB222119A8739E009F58BE /* Project object */ = {
			isa = PBXProject;
			attributes = {
				LastUpgradeCheck = 0600;
				ORGANIZATIONNAME = lighter;
				TargetAttributes = {
					ECFB222819A8739E009F58BE = {
						CreatedOnToolsVersion = 6.0;
					};
					ECFB223A19A8739E009F58BE = {
						CreatedOnToolsVersion = 6.0;
						TestTargetID = ECFB222819A8739E009F58BE;
					};
				};
			};
			buildConfigurationList = ECFB222419A8739E009F58BE /* Build configuration list for PBXProject "uikit_touch_animation" */;
			compatibilityVersion = "Xcode 3.2";
			developmentRegion = English;
			hasScannedForEncodings = 0;
			knownRegions = (
				en,
				Base,
			);
			mainGroup = ECFB222019A8739E009F58BE;
			productRefGroup = ECFB222A19A8739E009F58BE /* Products */;
			projectDirPath = "";
			projectRoot = "";
			targets = (
				ECFB222819A8739E009F58BE /* uikit_touch_animation */,
				ECFB223A19A8739E009F58BE /* uikit_touch_animationTests */,
			);
		};
/* End PBXProject section */

/* Begin PBXResourcesBuildPhase section */
		ECFB222719A8739E009F58BE /* Resources */ = {
			isa = PBXResourcesBuildPhase;
			buildActionMask = 2147483647;
			files = (
				ECFB223419A8739E009F58BE /* Main.storyboard in Resources */,
				ECFB223619A8739E009F58BE /* Images.xcassets in Resources */,
			);
			runOnlyForDeploymentPostprocessing = 0;
		};
		ECFB223919A8739E009F58BE /* Resources */ = {
			isa = PBXResourcesBuildPhase;
			buildActionMask = 2147483647;
			files = (
			);
			runOnlyForDeploymentPostprocessing = 0;
		};
/* End PBXResourcesBuildPhase section */

/* Begin PBXSourcesBuildPhase section */
		ECFB222519A8739E009F58BE /* Sources */ = {
			isa = PBXSourcesBuildPhase;
			buildActionMask = 2147483647;
			files = (
				ECFB223119A8739E009F58BE /* ViewController.swift in Sources */,
				ECFB222F19A8739E009F58BE /* AppDelegate.swift in Sources */,
			);
			runOnlyForDeploymentPostprocessing = 0;
		};
		ECFB223719A8739E009F58BE /* Sources */ = {
			isa = PBXSourcesBuildPhase;
			buildActionMask = 2147483647;
			files = (
				ECFB224219A8739E009F58BE /* uikit_touch_animationTests.swift in Sources */,
			);
			runOnlyForDeploymentPostprocessing = 0;
		};
/* End PBXSourcesBuildPhase section */

/* Begin PBXTargetDependency section */
		ECFB223D19A8739E009F58BE /* PBXTargetDependency */ = {
			isa = PBXTargetDependency;
			target = ECFB222819A8739E009F58BE /* uikit_touch_animation */;
			targetProxy = ECFB223C19A8739E009F58BE /* PBXContainerItemProxy */;
		};
/* End PBXTargetDependency section */

/* Begin PBXVariantGroup section */
		ECFB223219A8739E009F58BE /* Main.storyboard */ = {
			isa = PBXVariantGroup;
			children = (
				ECFB223319A8739E009F58BE /* Base */,
			);
			name = Main.storyboard;
			sourceTree = "<group>";
		};
/* End PBXVariantGroup section */

/* Begin XCBuildConfiguration section */
		ECFB224319A8739E009F58BE /* Debug */ = {
			isa = XCBuildConfiguration;
			buildSettings = {
				ALWAYS_SEARCH_USER_PATHS = NO;
				CLANG_CXX_LANGUAGE_STANDARD = "gnu++0x";
				CLANG_CXX_LIBRARY = "libc++";
				CLANG_ENABLE_MODULES = YES;
				CLANG_ENABLE_OBJC_ARC = YES;
				CLANG_WARN_BOOL_CONVERSION = YES;
				CLANG_WARN_CONSTANT_CONVERSION = YES;
				CLANG_WARN_DIRECT_OBJC_ISA_USAGE = YES_ERROR;
				CLANG_WARN_EMPTY_BODY = YES;
				CLANG_WARN_ENUM_CONVERSION = YES;
				CLANG_WARN_INT_CONVERSION = YES;
				CLANG_WARN_OBJC_ROOT_CLASS = YES_ERROR;
				CLANG_WARN_UNREACHABLE_CODE = YES;
				CLANG_WARN__DUPLICATE_METHOD_MATCH = YES;
				"CODE_SIGN_IDENTITY[sdk=iphoneos*]" = "iPhone Developer";
				COPY_PHASE_STRIP = NO;
				ENABLE_STRICT_OBJC_MSGSEND = YES;
				GCC_C_LANGUAGE_STANDARD = gnu99;
				GCC_DYNAMIC_NO_PIC = NO;
				GCC_OPTIMIZATION_LEVEL = 0;
				GCC_PREPROCESSOR_DEFINITIONS = (
					"DEBUG=1",
					"$(inherited)",
				);
				GCC_SYMBOLS_PRIVATE_EXTERN = NO;
				GCC_WARN_64_TO_32_BIT_CONVERSION = YES;
				GCC_WARN_ABOUT_RETURN_TYPE = YES_ERROR;
				GCC_WARN_UNDECLARED_SELECTOR = YES;
				GCC_WARN_UNINITIALIZED_AUTOS = YES_AGGRESSIVE;
				GCC_WARN_UNUSED_FUNCTION = YES;
				GCC_WARN_UNUSED_VARIABLE = YES;
				IPHONEOS_DEPLOYMENT_TARGET = 8.0;
				MTL_ENABLE_DEBUG_INFO = YES;
				ONLY_ACTIVE_ARCH = YES;
				SDKROOT = iphoneos;
				SWIFT_OPTIMIZATION_LEVEL = "-Onone";
				TARGETED_DEVICE_FAMILY = "1,2";
			};
			name = Debug;
		};
		ECFB224419A8739E009F58BE /* Release */ = {
			isa = XCBuildConfiguration;
			buildSettings = {
				ALWAYS_SEARCH_USER_PATHS = NO;
				CLANG_CXX_LANGUAGE_STANDARD = "gnu++0x";
				CLANG_CXX_LIBRARY = "libc++";
				CLANG_ENABLE_MODULES = YES;
				CLANG_ENABLE_OBJC_ARC = YES;
				CLANG_WARN_BOOL_CONVERSION = YES;
				CLANG_WARN_CONSTANT_CONVERSION = YES;
				CLANG_WARN_DIRECT_OBJC_ISA_USAGE = YES_ERROR;
				CLANG_WARN_EMPTY_BODY = YES;
				CLANG_WARN_ENUM_CONVERSION = YES;
				CLANG_WARN_INT_CONVERSION = YES;
				CLANG_WARN_OBJC_ROOT_CLASS = YES_ERROR;
				CLANG_WARN_UNREACHABLE_CODE = YES;
				CLANG_WARN__DUPLICATE_METHOD_MATCH = YES;
				"CODE_SIGN_IDENTITY[sdk=iphoneos*]" = "iPhone Developer";
				COPY_PHASE_STRIP = YES;
				ENABLE_NS_ASSERTIONS = NO;
				ENABLE_STRICT_OBJC_MSGSEND = YES;
				GCC_C_LANGUAGE_STANDARD = gnu99;
				GCC_WARN_64_TO_32_BIT_CONVERSION = YES;
				GCC_WARN_ABOUT_RETURN_TYPE = YES_ERROR;
				GCC_WARN_UNDECLARED_SELECTOR = YES;
				GCC_WARN_UNINITIALIZED_AUTOS = YES_AGGRESSIVE;
				GCC_WARN_UNUSED_FUNCTION = YES;
				GCC_WARN_UNUSED_VARIABLE = YES;
				IPHONEOS_DEPLOYMENT_TARGET = 8.0;
				MTL_ENABLE_DEBUG_INFO = NO;
				SDKROOT = iphoneos;
				TARGETED_DEVICE_FAMILY = "1,2";
				VALIDATE_PRODUCT = YES;
			};
			name = Release;
		};
		ECFB224619A8739E009F58BE /* Debug */ = {
			isa = XCBuildConfiguration;
			buildSettings = {
				ASSETCATALOG_COMPILER_APPICON_NAME = AppIcon;
				ASSETCATALOG_COMPILER_LAUNCHIMAGE_NAME = LaunchImage;
				INFOPLIST_FILE = uikit_touch_animation/Info.plist;
				LD_RUNPATH_SEARCH_PATHS = "$(inherited) @executable_path/Frameworks";
				PRODUCT_NAME = "$(TARGET_NAME)";
			};
			name = Debug;
		};
		ECFB224719A8739E009F58BE /* Release */ = {
			isa = XCBuildConfiguration;
			buildSettings = {
				ASSETCATALOG_COMPILER_APPICON_NAME = AppIcon;
				ASSETCATALOG_COMPILER_LAUNCHIMAGE_NAME = LaunchImage;
				INFOPLIST_FILE = uikit_touch_animation/Info.plist;
				LD_RUNPATH_SEARCH_PATHS = "$(inherited) @executable_path/Frameworks";
				PRODUCT_NAME = "$(TARGET_NAME)";
			};
			name = Release;
		};
		ECFB224919A8739E009F58BE /* Debug */ = {
			isa = XCBuildConfiguration;
			buildSettings = {
				BUNDLE_LOADER = "$(TEST_HOST)";
				FRAMEWORK_SEARCH_PATHS = (
					"$(SDKROOT)/Developer/Library/Frameworks",
					"$(inherited)",
				);
				GCC_PREPROCESSOR_DEFINITIONS = (
					"DEBUG=1",
					"$(inherited)",
				);
				INFOPLIST_FILE = uikit_touch_animationTests/Info.plist;
				LD_RUNPATH_SEARCH_PATHS = "$(inherited) @executable_path/Frameworks @loader_path/Frameworks";
				PRODUCT_NAME = "$(TARGET_NAME)";
				TEST_HOST = "$(BUILT_PRODUCTS_DIR)/uikit_touch_animation.app/uikit_touch_animation";
			};
			name = Debug;
		};
		ECFB224A19A8739E009F58BE /* Release */ = {
			isa = XCBuildConfiguration;
			buildSettings = {
				BUNDLE_LOADER = "$(TEST_HOST)";
				FRAMEWORK_SEARCH_PATHS = (
					"$(SDKROOT)/Developer/Library/Frameworks",
					"$(inherited)",
				);
				INFOPLIST_FILE = uikit_touch_animationTests/Info.plist;
				LD_RUNPATH_SEARCH_PATHS = "$(inherited) @executable_path/Frameworks @loader_path/Frameworks";
				PRODUCT_NAME = "$(TARGET_NAME)";
				TEST_HOST = "$(BUILT_PRODUCTS_DIR)/uikit_touch_animation.app/uikit_touch_animation";
			};
			name = Release;
		};
/* End XCBuildConfiguration section */

/* Begin XCConfigurationList section */
		ECFB222419A8739E009F58BE /* Build configuration list for PBXProject "uikit_touch_animation" */ = {
			isa = XCConfigurationList;
			buildConfigurations = (
				ECFB224319A8739E009F58BE /* Debug */,
				ECFB224419A8739E009F58BE /* Release */,
			);
			defaultConfigurationIsVisible = 0;
			defaultConfigurationName = Release;
		};
		ECFB224519A8739E009F58BE /* Build configuration list for PBXNativeTarget "uikit_touch_animation" */ = {
			isa = XCConfigurationList;
			buildConfigurations = (
				ECFB224619A8739E009F58BE /* Debug */,
				ECFB224719A8739E009F58BE /* Release */,
			);
			defaultConfigurationIsVisible = 0;
		};
		ECFB224819A8739E009F58BE /* Build configuration list for PBXNativeTarget "uikit_touch_animationTests" */ = {
			isa = XCConfigurationList;
			buildConfigurations = (
				ECFB224919A8739E009F58BE /* Debug */,
				ECFB224A19A8739E009F58BE /* Release */,
			);
			defaultConfigurationIsVisible = 0;
		};
/* End XCConfigurationList section */
	};
	rootObject = ECFB222119A8739E009F58BE /* Project object */;
}
